
Microsoft Visual Studio Solution File, Format Version 12.00
# Visual Studio Version 17
VisualStudioVersion = 17.3.32825.248
MinimumVisualStudioVersion = 10.0.40219.1
Project("{FAE04EC0-301F-11D3-BF4B-00C04F79EFBC}") = "CalculadoraCMD", "CalculadoraCMD\CalculadoraCMD.csproj", "{B8EA0722-2C69-488F-BD82-994CBB819F79}"
EndProject
Global
	GlobalSection(SolutionConfigurationPlatforms) = preSolution
		Debug|Any CPU = Debug|Any CPU
		Release|Any CPU = Release|Any CPU
	EndGlobalSection
	GlobalSection(ProjectConfigurationPlatforms) = postSolution
		{B8EA0722-2C69-488F-BD82-994CBB819F79}.Debug|Any CPU.ActiveCfg = Debug|Any CPU
		{B8EA0722-2C69-488F-BD82-994CBB819F79}.Debug|Any CPU.Build.0 = Debug|Any CPU
		{B8EA0722-2C69-488F-BD82-994CBB819F79}.Release|Any CPU.ActiveCfg = Release|Any CPU
		{B8EA0722-2C69-488F-BD82-994CBB819F79}.Release|Any CPU.Build.0 = Release|Any CPU
	EndGlobalSection
	GlobalSection(SolutionProperties) = preSolution
		HideSolutionNode = FALSE
	EndGlobalSection
	GlobalSection(ExtensibilityGlobals) = postSolution
		SolutionGuid = {4D5AFCDC-BDDF-4A24-8F86-9B2BFE5A74A7}
	EndGlobalSection
EndGlobal
